// !$*UTF8*$!
{
	archiveVersion = 1;
	classes = {
	};
	objectVersion = 50;
	objects = {

/* Begin PBXBuildFile section */
		F19A082C246F456F0075A700 /* Math.swift in Sources */ = {isa = PBXBuildFile; fileRef = F19A081D246F456F0075A700 /* Math.swift */; };
		F19A082D246F456F0075A700 /* BlackHole.swift in Sources */ = {isa = PBXBuildFile; fileRef = F19A081E246F456F0075A700 /* BlackHole.swift */; };
		F19A082E246F456F0075A700 /* SetupView.swift in Sources */ = {isa = PBXBuildFile; fileRef = F19A081F246F456F0075A700 /* SetupView.swift */; };
		F19A082F246F456F0075A700 /* MasterView.swift in Sources */ = {isa = PBXBuildFile; fileRef = F19A0820246F456F0075A700 /* MasterView.swift */; };
		F19A0830246F456F0075A700 /* Universe.swift in Sources */ = {isa = PBXBuildFile; fileRef = F19A0821246F456F0075A700 /* Universe.swift */; };
		F19A0831246F456F0075A700 /* WarningView.swift in Sources */ = {isa = PBXBuildFile; fileRef = F19A0822246F456F0075A700 /* WarningView.swift */; };
		F19A0832246F456F0075A700 /* Ring.swift in Sources */ = {isa = PBXBuildFile; fileRef = F19A0823246F456F0075A700 /* Ring.swift */; };
		F19A0833246F456F0075A700 /* Ray.swift in Sources */ = {isa = PBXBuildFile; fileRef = F19A0824246F456F0075A700 /* Ray.swift */; };
		F19A0834246F456F0075A700 /* Options.swift in Sources */ = {isa = PBXBuildFile; fileRef = F19A0825246F456F0075A700 /* Options.swift */; };
		F19A0835246F456F0075A700 /* Particle.swift in Sources */ = {isa = PBXBuildFile; fileRef = F19A0826246F456F0075A700 /* Particle.swift */; };
		F19A0836246F456F0075A700 /* Vector3.swift in Sources */ = {isa = PBXBuildFile; fileRef = F19A0827246F456F0075A700 /* Vector3.swift */; };
		F19A0837246F456F0075A700 /* AboutView.swift in Sources */ = {isa = PBXBuildFile; fileRef = F19A0828246F456F0075A700 /* AboutView.swift */; };
		F19A0838246F456F0075A700 /* RenderUniverse.swift in Sources */ = {isa = PBXBuildFile; fileRef = F19A0829246F456F0075A700 /* RenderUniverse.swift */; };
		F19A0839246F456F0075A700 /* DisplayView.swift in Sources */ = {isa = PBXBuildFile; fileRef = F19A082A246F456F0075A700 /* DisplayView.swift */; };
		F19A083A246F456F0075A700 /* RenderView.swift in Sources */ = {isa = PBXBuildFile; fileRef = F19A082B246F456F0075A700 /* RenderView.swift */; };
		F1C4A1EF246AE88700BB6DB4 /* AppDelegate.swift in Sources */ = {isa = PBXBuildFile; fileRef = F1C4A1EE246AE88700BB6DB4 /* AppDelegate.swift */; };
		F1C4A1F1246AE88700BB6DB4 /* SceneDelegate.swift in Sources */ = {isa = PBXBuildFile; fileRef = F1C4A1F0246AE88700BB6DB4 /* SceneDelegate.swift */; };
		F1C4A1F3246AE88700BB6DB4 /* ViewController.swift in Sources */ = {isa = PBXBuildFile; fileRef = F1C4A1F2246AE88700BB6DB4 /* ViewController.swift */; };
		F1C4A1F6246AE88700BB6DB4 /* Main.storyboard in Resources */ = {isa = PBXBuildFile; fileRef = F1C4A1F4246AE88700BB6DB4 /* Main.storyboard */; };
		F1C4A1F8246AE88800BB6DB4 /* Assets.xcassets in Resources */ = {isa = PBXBuildFile; fileRef = F1C4A1F7246AE88800BB6DB4 /* Assets.xcassets */; };
		F1C4A1FB246AE88800BB6DB4 /* LaunchScreen.storyboard in Resources */ = {isa = PBXBuildFile; fileRef = F1C4A1F9246AE88800BB6DB4 /* LaunchScreen.storyboard */; };
/* End PBXBuildFile section */

/* Begin PBXFileReference section */
		F189AB3C246C662300BCC0DE /* Black Hole Testing.entitlements */ = {isa = PBXFileReference; lastKnownFileType = text.plist.entitlements; path = "Black Hole Testing.entitlements"; sourceTree = "<group>"; };
		F19A081D246F456F0075A700 /* Math.swift */ = {isa = PBXFileReference; fileEncoding = 4; lastKnownFileType = sourcecode.swift; path = Math.swift; sourceTree = "<group>"; };
		F19A081E246F456F0075A700 /* BlackHole.swift */ = {isa = PBXFileReference; fileEncoding = 4; lastKnownFileType = sourcecode.swift; path = BlackHole.swift; sourceTree = "<group>"; };
		F19A081F246F456F0075A700 /* SetupView.swift */ = {isa = PBXFileReference; fileEncoding = 4; lastKnownFileType = sourcecode.swift; path = SetupView.swift; sourceTree = "<group>"; };
		F19A0820246F456F0075A700 /* MasterView.swift */ = {isa = PBXFileReference; fileEncoding = 4; lastKnownFileType = sourcecode.swift; path = MasterView.swift; sourceTree = "<group>"; };
		F19A0821246F456F0075A700 /* Universe.swift */ = {isa = PBXFileReference; fileEncoding = 4; lastKnownFileType = sourcecode.swift; path = Universe.swift; sourceTree = "<group>"; };
		F19A0822246F456F0075A700 /* WarningView.swift */ = {isa = PBXFileReference; fileEncoding = 4; lastKnownFileType = sourcecode.swift; path = WarningView.swift; sourceTree = "<group>"; };
		F19A0823246F456F0075A700 /* Ring.swift */ = {isa = PBXFileReference; fileEncoding = 4; lastKnownFileType = sourcecode.swift; path = Ring.swift; sourceTree = "<group>"; };
		F19A0824246F456F0075A700 /* Ray.swift */ = {isa = PBXFileReference; fileEncoding = 4; lastKnownFileType = sourcecode.swift; path = Ray.swift; sourceTree = "<group>"; };
		F19A0825246F456F0075A700 /* Options.swift */ = {isa = PBXFileReference; fileEncoding = 4; lastKnownFileType = sourcecode.swift; path = Options.swift; sourceTree = "<group>"; };
		F19A0826246F456F0075A700 /* Particle.swift */ = {isa = PBXFileReference; fileEncoding = 4; lastKnownFileType = sourcecode.swift; path = Particle.swift; sourceTree = "<group>"; };
		F19A0827246F456F0075A700 /* Vector3.swift */ = {isa = PBXFileReference; fileEncoding = 4; lastKnownFileType = sourcecode.swift; path = Vector3.swift; sourceTree = "<group>"; };
		F19A0828246F456F0075A700 /* AboutView.swift */ = {isa = PBXFileReference; fileEncoding = 4; lastKnownFileType = sourcecode.swift; path = AboutView.swift; sourceTree = "<group>"; };
		F19A0829246F456F0075A700 /* RenderUniverse.swift */ = {isa = PBXFileReference; fileEncoding = 4; lastKnownFileType = sourcecode.swift; path = RenderUniverse.swift; sourceTree = "<group>"; };
		F19A082A246F456F0075A700 /* DisplayView.swift */ = {isa = PBXFileReference; fileEncoding = 4; lastKnownFileType = sourcecode.swift; path = DisplayView.swift; sourceTree = "<group>"; };
		F19A082B246F456F0075A700 /* RenderView.swift */ = {isa = PBXFileReference; fileEncoding = 4; lastKnownFileType = sourcecode.swift; path = RenderView.swift; sourceTree = "<group>"; };
		F1C4A1EB246AE88700BB6DB4 /* Black Hole Render.app */ = {isa = PBXFileReference; explicitFileType = wrapper.application; includeInIndex = 0; path = "Black Hole Render.app"; sourceTree = BUILT_PRODUCTS_DIR; };
		F1C4A1EE246AE88700BB6DB4 /* AppDelegate.swift */ = {isa = PBXFileReference; lastKnownFileType = sourcecode.swift; path = AppDelegate.swift; sourceTree = "<group>"; };
		F1C4A1F0246AE88700BB6DB4 /* SceneDelegate.swift */ = {isa = PBXFileReference; lastKnownFileType = sourcecode.swift; path = SceneDelegate.swift; sourceTree = "<group>"; };
		F1C4A1F2246AE88700BB6DB4 /* ViewController.swift */ = {isa = PBXFileReference; lastKnownFileType = sourcecode.swift; path = ViewController.swift; sourceTree = "<group>"; };
		F1C4A1F5246AE88700BB6DB4 /* Base */ = {isa = PBXFileReference; lastKnownFileType = file.storyboard; name = Base; path = Base.lproj/Main.storyboard; sourceTree = "<group>"; };
		F1C4A1F7246AE88800BB6DB4 /* Assets.xcassets */ = {isa = PBXFileReference; lastKnownFileType = folder.assetcatalog; path = Assets.xcassets; sourceTree = "<group>"; };
		F1C4A1FA246AE88800BB6DB4 /* Base */ = {isa = PBXFileReference; lastKnownFileType = file.storyboard; name = Base; path = Base.lproj/LaunchScreen.storyboard; sourceTree = "<group>"; };
		F1C4A1FC246AE88800BB6DB4 /* Info.plist */ = {isa = PBXFileReference; lastKnownFileType = text.plist.xml; path = Info.plist; sourceTree = "<group>"; };
/* End PBXFileReference section */

/* Begin PBXFrameworksBuildPhase section */
		F1C4A1E8246AE88700BB6DB4 /* Frameworks */ = {
			isa = PBXFrameworksBuildPhase;
			buildActionMask = 2147483647;
			files = (
			);
			runOnlyForDeploymentPostprocessing = 0;
		};
/* End PBXFrameworksBuildPhase section */

/* Begin PBXGroup section */
		F1C4A1E2246AE88700BB6DB4 = {
			isa = PBXGroup;
			children = (
				F1C4A1ED246AE88700BB6DB4 /* Black Hole Testing */,
				F1C4A1EC246AE88700BB6DB4 /* Products */,
			);
			sourceTree = "<group>";
		};
		F1C4A1EC246AE88700BB6DB4 /* Products */ = {
			isa = PBXGroup;
			children = (
				F1C4A1EB246AE88700BB6DB4 /* Black Hole Render.app */,
			);
			name = Products;
			sourceTree = "<group>";
		};
		F1C4A1ED246AE88700BB6DB4 /* Black Hole Testing */ = {
			isa = PBXGroup;
			children = (
				F189AB3C246C662300BCC0DE /* Black Hole Testing.entitlements */,
				F1C4A206246AE8E700BB6DB4 /* Files */,
				F1C4A204246AE8C300BB6DB4 /* View */,
				F1C4A205246AE8D300BB6DB4 /* Controller */,
				F1C4A203246AE8B300BB6DB4 /* Delegates */,
				F1C4A202246AE8A200BB6DB4 /* Support */,
			);
			path = "Black Hole Testing";
			sourceTree = "<group>";
		};
		F1C4A202246AE8A200BB6DB4 /* Support */ = {
			isa = PBXGroup;
			children = (
				F1C4A1F7246AE88800BB6DB4 /* Assets.xcassets */,
				F1C4A1FC246AE88800BB6DB4 /* Info.plist */,
			);
			name = Support;
			sourceTree = "<group>";
		};
		F1C4A203246AE8B300BB6DB4 /* Delegates */ = {
			isa = PBXGroup;
			children = (
				F1C4A1EE246AE88700BB6DB4 /* AppDelegate.swift */,
				F1C4A1F0246AE88700BB6DB4 /* SceneDelegate.swift */,
			);
			path = Delegates;
			sourceTree = "<group>";
		};
		F1C4A204246AE8C300BB6DB4 /* View */ = {
			isa = PBXGroup;
			children = (
				F1C4A1F4246AE88700BB6DB4 /* Main.storyboard */,
				F1C4A1F9246AE88800BB6DB4 /* LaunchScreen.storyboard */,
			);
			path = View;
			sourceTree = "<group>";
		};
		F1C4A205246AE8D300BB6DB4 /* Controller */ = {
			isa = PBXGroup;
			children = (
				F1C4A1F2246AE88700BB6DB4 /* ViewController.swift */,
			);
			path = Controller;
			sourceTree = "<group>";
		};
		F1C4A206246AE8E700BB6DB4 /* Files */ = {
			isa = PBXGroup;
			children = (
				F19A081D246F456F0075A700 /* Math.swift */,
				F19A0827246F456F0075A700 /* Vector3.swift */,
				F19A0826246F456F0075A700 /* Particle.swift */,
				F19A0824246F456F0075A700 /* Ray.swift */,
				F19A081E246F456F0075A700 /* BlackHole.swift */,
				F19A0823246F456F0075A700 /* Ring.swift */,
				F19A0821246F456F0075A700 /* Universe.swift */,
				F19A0825246F456F0075A700 /* Options.swift */,
				F19A0829246F456F0075A700 /* RenderUniverse.swift */,
				F19A082B246F456F0075A700 /* RenderView.swift */,
				F19A082A246F456F0075A700 /* DisplayView.swift */,
				F19A0828246F456F0075A700 /* AboutView.swift */,
				F19A081F246F456F0075A700 /* SetupView.swift */,
				F19A0822246F456F0075A700 /* WarningView.swift */,
				F19A0820246F456F0075A700 /* MasterView.swift */,
			);
			path = Files;
			sourceTree = "<group>";
		};
/* End PBXGroup section */

/* Begin PBXNativeTarget section */
		F1C4A1EA246AE88700BB6DB4 /* Black Hole Testing */ = {
			isa = PBXNativeTarget;
			buildConfigurationList = F1C4A1FF246AE88800BB6DB4 /* Build configuration list for PBXNativeTarget "Black Hole Testing" */;
			buildPhases = (
				F1C4A1E7246AE88700BB6DB4 /* Sources */,
				F1C4A1E8246AE88700BB6DB4 /* Frameworks */,
				F1C4A1E9246AE88700BB6DB4 /* Resources */,
			);
			buildRules = (
			);
			dependencies = (
			);
			name = "Black Hole Testing";
			productName = "Black Hole Testing";
			productReference = F1C4A1EB246AE88700BB6DB4 /* Black Hole Render.app */;
			productType = "com.apple.product-type.application";
		};
/* End PBXNativeTarget section */

/* Begin PBXProject section */
		F1C4A1E3246AE88700BB6DB4 /* Project object */ = {
			isa = PBXProject;
			attributes = {
				LastSwiftUpdateCheck = 1140;
				LastUpgradeCheck = 1140;
				ORGANIZATIONNAME = "Nathaniel Fargo";
				TargetAttributes = {
					F1C4A1EA246AE88700BB6DB4 = {
						CreatedOnToolsVersion = 11.4.1;
					};
				};
			};
			buildConfigurationList = F1C4A1E6246AE88700BB6DB4 /* Build configuration list for PBXProject "Black Hole Testing" */;
			compatibilityVersion = "Xcode 9.3";
			developmentRegion = en;
			hasScannedForEncodings = 0;
			knownRegions = (
				en,
				Base,
			);
			mainGroup = F1C4A1E2246AE88700BB6DB4;
			productRefGroup = F1C4A1EC246AE88700BB6DB4 /* Products */;
			projectDirPath = "";
			projectRoot = "";
			targets = (
				F1C4A1EA246AE88700BB6DB4 /* Black Hole Testing */,
			);
		};
/* End PBXProject section */

/* Begin PBXResourcesBuildPhase section */
		F1C4A1E9246AE88700BB6DB4 /* Resources */ = {
			isa = PBXResourcesBuildPhase;
			buildActionMask = 2147483647;
			files = (
				F1C4A1FB246AE88800BB6DB4 /* LaunchScreen.storyboard in Resources */,
				F1C4A1F8246AE88800BB6DB4 /* Assets.xcassets in Resources */,
				F1C4A1F6246AE88700BB6DB4 /* Main.storyboard in Resources */,
			);
			runOnlyForDeploymentPostprocessing = 0;
		};
/* End PBXResourcesBuildPhase section */

/* Begin PBXSourcesBuildPhase section */
		F1C4A1E7246AE88700BB6DB4 /* Sources */ = {
			isa = PBXSourcesBuildPhase;
			buildActionMask = 2147483647;
			files = (
				F19A0839246F456F0075A700 /* DisplayView.swift in Sources */,
				F19A0838246F456F0075A700 /* RenderUniverse.swift in Sources */,
				F19A083A246F456F0075A700 /* RenderView.swift in Sources */,
				F19A0835246F456F0075A700 /* Particle.swift in Sources */,
				F1C4A1F3246AE88700BB6DB4 /* ViewController.swift in Sources */,
				F19A082D246F456F0075A700 /* BlackHole.swift in Sources */,
				F19A0830246F456F0075A700 /* Universe.swift in Sources */,
				F19A0837246F456F0075A700 /* AboutView.swift in Sources */,
				F19A082F246F456F0075A700 /* MasterView.swift in Sources */,
				F19A0834246F456F0075A700 /* Options.swift in Sources */,
				F19A0836246F456F0075A700 /* Vector3.swift in Sources */,
				F1C4A1EF246AE88700BB6DB4 /* AppDelegate.swift in Sources */,
				F1C4A1F1246AE88700BB6DB4 /* SceneDelegate.swift in Sources */,
				F19A082E246F456F0075A700 /* SetupView.swift in Sources */,
				F19A0832246F456F0075A700 /* Ring.swift in Sources */,
				F19A082C246F456F0075A700 /* Math.swift in Sources */,
				F19A0833246F456F0075A700 /* Ray.swift in Sources */,
				F19A0831246F456F0075A700 /* WarningView.swift in Sources */,
			);
			runOnlyForDeploymentPostprocessing = 0;
		};
/* End PBXSourcesBuildPhase section */

/* Begin PBXVariantGroup section */
		F1C4A1F4246AE88700BB6DB4 /* Main.storyboard */ = {
			isa = PBXVariantGroup;
			children = (
				F1C4A1F5246AE88700BB6DB4 /* Base */,
			);
			name = Main.storyboard;
			sourceTree = "<group>";
		};
		F1C4A1F9246AE88800BB6DB4 /* LaunchScreen.storyboard */ = {
			isa = PBXVariantGroup;
			children = (
				F1C4A1FA246AE88800BB6DB4 /* Base */,
			);
			name = LaunchScreen.storyboard;
			sourceTree = "<group>";
		};
/* End PBXVariantGroup section */

/* Begin XCBuildConfiguration section */
		F1C4A1FD246AE88800BB6DB4 /* Debug */ = {
			isa = XCBuildConfiguration;
			buildSettings = {
				ALWAYS_SEARCH_USER_PATHS = NO;
				CLANG_ANALYZER_NONNULL = YES;
				CLANG_ANALYZER_NUMBER_OBJECT_CONVERSION = YES_AGGRESSIVE;
				CLANG_CXX_LANGUAGE_STANDARD = "gnu++14";
				CLANG_CXX_LIBRARY = "libc++";
				CLANG_ENABLE_MODULES = YES;
				CLANG_ENABLE_OBJC_ARC = YES;
				CLANG_ENABLE_OBJC_WEAK = YES;
				CLANG_WARN_BLOCK_CAPTURE_AUTORELEASING = YES;
				CLANG_WARN_BOOL_CONVERSION = YES;
				CLANG_WARN_COMMA = YES;
				CLANG_WARN_CONSTANT_CONVERSION = YES;
				CLANG_WARN_DEPRECATED_OBJC_IMPLEMENTATIONS = YES;
				CLANG_WARN_DIRECT_OBJC_ISA_USAGE = YES_ERROR;
				CLANG_WARN_DOCUMENTATION_COMMENTS = YES;
				CLANG_WARN_EMPTY_BODY = YES;
				CLANG_WARN_ENUM_CONVERSION = YES;
				CLANG_WARN_INFINITE_RECURSION = YES;
				CLANG_WARN_INT_CONVERSION = YES;
				CLANG_WARN_NON_LITERAL_NULL_CONVERSION = YES;
				CLANG_WARN_OBJC_IMPLICIT_RETAIN_SELF = YES;
				CLANG_WARN_OBJC_LITERAL_CONVERSION = YES;
				CLANG_WARN_OBJC_ROOT_CLASS = YES_ERROR;
				CLANG_WARN_RANGE_LOOP_ANALYSIS = YES;
				CLANG_WARN_STRICT_PROTOTYPES = YES;
				CLANG_WARN_SUSPICIOUS_MOVE = YES;
				CLANG_WARN_UNGUARDED_AVAILABILITY = YES_AGGRESSIVE;
				CLANG_WARN_UNREACHABLE_CODE = YES;
				CLANG_WARN__DUPLICATE_METHOD_MATCH = YES;
				COPY_PHASE_STRIP = NO;
				DEBUG_INFORMATION_FORMAT = dwarf;
				ENABLE_STRICT_OBJC_MSGSEND = YES;
				ENABLE_TESTABILITY = YES;
				GCC_C_LANGUAGE_STANDARD = gnu11;
				GCC_DYNAMIC_NO_PIC = NO;
				GCC_NO_COMMON_BLOCKS = YES;
				GCC_OPTIMIZATION_LEVEL = 0;
				GCC_PREPROCESSOR_DEFINITIONS = (
					"DEBUG=1",
					"$(inherited)",
				);
				GCC_WARN_64_TO_32_BIT_CONVERSION = YES;
				GCC_WARN_ABOUT_RETURN_TYPE = YES_ERROR;
				GCC_WARN_UNDECLARED_SELECTOR = YES;
				GCC_WARN_UNINITIALIZED_AUTOS = YES_AGGRESSIVE;
				GCC_WARN_UNUSED_FUNCTION = YES;
				GCC_WARN_UNUSED_VARIABLE = YES;
				IPHONEOS_DEPLOYMENT_TARGET = 13.4;
				MTL_ENABLE_DEBUG_INFO = INCLUDE_SOURCE;
				MTL_FAST_MATH = YES;
				ONLY_ACTIVE_ARCH = YES;
				SDKROOT = iphoneos;
				SWIFT_ACTIVE_COMPILATION_CONDITIONS = DEBUG;
				SWIFT_OPTIMIZATION_LEVEL = "-Onone";
			};
			name = Debug;
		};
		F1C4A1FE246AE88800BB6DB4 /* Release */ = {
			isa = XCBuildConfiguration;
			buildSettings = {
				ALWAYS_SEARCH_USER_PATHS = NO;
				CLANG_ANALYZER_NONNULL = YES;
				CLANG_ANALYZER_NUMBER_OBJECT_CONVERSION = YES_AGGRESSIVE;
				CLANG_CXX_LANGUAGE_STANDARD = "gnu++14";
				CLANG_CXX_LIBRARY = "libc++";
				CLANG_ENABLE_MODULES = YES;
				CLANG_ENABLE_OBJC_ARC = YES;
				CLANG_ENABLE_OBJC_WEAK = YES;
				CLANG_WARN_BLOCK_CAPTURE_AUTORELEASING = YES;
				CLANG_WARN_BOOL_CONVERSION = YES;
				CLANG_WARN_COMMA = YES;
				CLANG_WARN_CONSTANT_CONVERSION = YES;
				CLANG_WARN_DEPRECATED_OBJC_IMPLEMENTATIONS = YES;
				CLANG_WARN_DIRECT_OBJC_ISA_USAGE = YES_ERROR;
				CLANG_WARN_DOCUMENTATION_COMMENTS = YES;
				CLANG_WARN_EMPTY_BODY = YES;
				CLANG_WARN_ENUM_CONVERSION = YES;
				CLANG_WARN_INFINITE_RECURSION = YES;
				CLANG_WARN_INT_CONVERSION = YES;
				CLANG_WARN_NON_LITERAL_NULL_CONVERSION = YES;
				CLANG_WARN_OBJC_IMPLICIT_RETAIN_SELF = YES;
				CLANG_WARN_OBJC_LITERAL_CONVERSION = YES;
				CLANG_WARN_OBJC_ROOT_CLASS = YES_ERROR;
				CLANG_WARN_RANGE_LOOP_ANALYSIS = YES;
				CLANG_WARN_STRICT_PROTOTYPES = YES;
				CLANG_WARN_SUSPICIOUS_MOVE = YES;
				CLANG_WARN_UNGUARDED_AVAILABILITY = YES_AGGRESSIVE;
				CLANG_WARN_UNREACHABLE_CODE = YES;
				CLANG_WARN__DUPLICATE_METHOD_MATCH = YES;
				COPY_PHASE_STRIP = NO;
				DEBUG_INFORMATION_FORMAT = "dwarf-with-dsym";
				ENABLE_NS_ASSERTIONS = NO;
				ENABLE_STRICT_OBJC_MSGSEND = YES;
				GCC_C_LANGUAGE_STANDARD = gnu11;
				GCC_NO_COMMON_BLOCKS = YES;
				GCC_WARN_64_TO_32_BIT_CONVERSION = YES;
				GCC_WARN_ABOUT_RETURN_TYPE = YES_ERROR;
				GCC_WARN_UNDECLARED_SELECTOR = YES;
				GCC_WARN_UNINITIALIZED_AUTOS = YES_AGGRESSIVE;
				GCC_WARN_UNUSED_FUNCTION = YES;
				GCC_WARN_UNUSED_VARIABLE = YES;
				IPHONEOS_DEPLOYMENT_TARGET = 13.4;
				MTL_ENABLE_DEBUG_INFO = NO;
				MTL_FAST_MATH = YES;
				SDKROOT = iphoneos;
				SWIFT_COMPILATION_MODE = wholemodule;
				SWIFT_OPTIMIZATION_LEVEL = "-O";
				VALIDATE_PRODUCT = YES;
			};
			name = Release;
		};
		F1C4A200246AE88800BB6DB4 /* Debug */ = {
			isa = XCBuildConfiguration;
			buildSettings = {
				ASSETCATALOG_COMPILER_APPICON_NAME = AppIcon;
				CODE_SIGN_ENTITLEMENTS = "Black Hole Testing/Black Hole Testing.entitlements";
				CODE_SIGN_STYLE = Automatic;
				DEVELOPMENT_TEAM = 9KQ3M594DV;
				INFOPLIST_FILE = "Black Hole Testing/Info.plist";
				LD_RUNPATH_SEARCH_PATHS = (
					"$(inherited)",
					"@executable_path/Frameworks",
				);
				PRODUCT_BUNDLE_IDENTIFIER = tech.paradox42.apps.BlackHoleRendering;
				PRODUCT_NAME = "Black Hole Render";
				SUPPORTS_MACCATALYST = YES;
				SWIFT_VERSION = 5.0;
				TARGETED_DEVICE_FAMILY = "1,2";
			};
			name = Debug;
		};
		F1C4A201246AE88800BB6DB4 /* Release */ = {
			isa = XCBuildConfiguration;
			buildSettings = {
				ASSETCATALOG_COMPILER_APPICON_NAME = AppIcon;
				CODE_SIGN_ENTITLEMENTS = "Black Hole Testing/Black Hole Testing.entitlements";
				CODE_SIGN_STYLE = Automatic;
				DEVELOPMENT_TEAM = 9KQ3M594DV;
				INFOPLIST_FILE = "Black Hole Testing/Info.plist";
				LD_RUNPATH_SEARCH_PATHS = (
					"$(inherited)",
					"@executable_path/Frameworks",
				);
				PRODUCT_BUNDLE_IDENTIFIER = tech.paradox42.apps.BlackHoleRendering;
				PRODUCT_NAME = "Black Hole Render";
				SUPPORTS_MACCATALYST = YES;
				SWIFT_VERSION = 5.0;
				TARGETED_DEVICE_FAMILY = "1,2";
			};
			name = Release;
		};
/* End XCBuildConfiguration section */

/* Begin XCConfigurationList section */
		F1C4A1E6246AE88700BB6DB4 /* Build configuration list for PBXProject "Black Hole Testing" */ = {
			isa = XCConfigurationList;
			buildConfigurations = (
				F1C4A1FD246AE88800BB6DB4 /* Debug */,
				F1C4A1FE246AE88800BB6DB4 /* Release */,
			);
			defaultConfigurationIsVisible = 0;
			defaultConfigurationName = Release;
		};
		F1C4A1FF246AE88800BB6DB4 /* Build configuration list for PBXNativeTarget "Black Hole Testing" */ = {
			isa = XCConfigurationList;
			buildConfigurations = (
				F1C4A200246AE88800BB6DB4 /* Debug */,
				F1C4A201246AE88800BB6DB4 /* Release */,
			);
			defaultConfigurationIsVisible = 0;
			defaultConfigurationName = Release;
		};
/* End XCConfigurationList section */
	};
	rootObject = F1C4A1E3246AE88700BB6DB4 /* Project object */;
}
